
Microsoft Visual Studio Solution File, Format Version 12.00
# Visual Studio Version 17
VisualStudioVersion = 17.9.34902.65
MinimumVisualStudioVersion = 10.0.40219.1
Project("{FAE04EC0-301F-11D3-BF4B-00C04F79EFBC}") = "WebApplication2", "WebApplication2.csproj", "{BED5D4D2-FD03-4780-902F-CD14A741AC4B}"
EndProject
Global
	GlobalSection(SolutionConfigurationPlatforms) = preSolution
		Debug|Any CPU = Debug|Any CPU
		Release|Any CPU = Release|Any CPU
	EndGlobalSection
	GlobalSection(ProjectConfigurationPlatforms) = postSolution
		{BED5D4D2-FD03-4780-902F-CD14A741AC4B}.Debug|Any CPU.ActiveCfg = Debug|Any CPU
		{BED5D4D2-FD03-4780-902F-CD14A741AC4B}.Debug|Any CPU.Build.0 = Debug|Any CPU
		{BED5D4D2-FD03-4780-902F-CD14A741AC4B}.Release|Any CPU.ActiveCfg = Release|Any CPU
		{BED5D4D2-FD03-4780-902F-CD14A741AC4B}.Release|Any CPU.Build.0 = Release|Any CPU
	EndGlobalSection
	GlobalSection(SolutionProperties) = preSolution
		HideSolutionNode = FALSE
	EndGlobalSection
	GlobalSection(ExtensibilityGlobals) = postSolution
		SolutionGuid = {D763EAE9-5BA2-4E5F-9442-99B8FDE8F9B8}
	EndGlobalSection
EndGlobal
